
Microsoft Visual Studio Solution File, Format Version 12.00
# Visual Studio 2012
Project("{FAE04EC0-301F-11D3-BF4B-00C04F79EFBC}") = "NUnitTest", "NUnitTest.csproj", "{F827AE7F-FA05-45B3-A66B-4F5F7AABCCA3}"
EndProject
Project("{FAE04EC0-301F-11D3-BF4B-00C04F79EFBC}") = "NunitTestTest", "NunitTestTest\NunitTestTest.csproj", "{93133C38-49BF-4AC3-AEE3-0C1B5C52659B}"
EndProject
Global
	GlobalSection(SolutionConfigurationPlatforms) = preSolution
		Debug|Any CPU = Debug|Any CPU
		Release|Any CPU = Release|Any CPU
	EndGlobalSection
	GlobalSection(ProjectConfigurationPlatforms) = postSolution
		{F827AE7F-FA05-45B3-A66B-4F5F7AABCCA3}.Debug|Any CPU.ActiveCfg = Debug|Any CPU
		{F827AE7F-FA05-45B3-A66B-4F5F7AABCCA3}.Debug|Any CPU.Build.0 = Debug|Any CPU
		{F827AE7F-FA05-45B3-A66B-4F5F7AABCCA3}.Release|Any CPU.ActiveCfg = Release|Any CPU
		{F827AE7F-FA05-45B3-A66B-4F5F7AABCCA3}.Release|Any CPU.Build.0 = Release|Any CPU
		{93133C38-49BF-4AC3-AEE3-0C1B5C52659B}.Debug|Any CPU.ActiveCfg = Debug|Any CPU
		{93133C38-49BF-4AC3-AEE3-0C1B5C52659B}.Debug|Any CPU.Build.0 = Debug|Any CPU
		{93133C38-49BF-4AC3-AEE3-0C1B5C52659B}.Release|Any CPU.ActiveCfg = Release|Any CPU
		{93133C38-49BF-4AC3-AEE3-0C1B5C52659B}.Release|Any CPU.Build.0 = Release|Any CPU
	EndGlobalSection
	GlobalSection(SolutionProperties) = preSolution
		HideSolutionNode = FALSE
	EndGlobalSection
EndGlobal
