
Microsoft Visual Studio Solution File, Format Version 12.00
# Visual Studio 2012
Project("{FAE04EC0-301F-11D3-BF4B-00C04F79EFBC}") = "LW", "LW.csproj", "{B1157522-412F-4401-B62E-3683A679CFA1}"
EndProject
Project("{FAE04EC0-301F-11D3-BF4B-00C04F79EFBC}") = "LW.Systems.BLL", "..\LW.Systems.BLL\LW.Systems.BLL.csproj", "{4BD7AEB9-C551-4939-8127-49552D6FF550}"
EndProject
Project("{FAE04EC0-301F-11D3-BF4B-00C04F79EFBC}") = "LW.Systems.DAL", "..\LW.Systems.DAL\LW.Systems.DAL.csproj", "{A3C6830E-2A30-4661-945D-FB9ED97CD982}"
EndProject
Project("{FAE04EC0-301F-11D3-BF4B-00C04F79EFBC}") = "LW.Systems.Web", "modules\LW.Systems.Web\LW.Systems.Web.csproj", "{9FA6AE4C-C2ED-4B97-9D3D-169F3627DF9D}"
EndProject
Project("{FAE04EC0-301F-11D3-BF4B-00C04F79EFBC}") = "LW.Common", "..\LW.Common\LW.Common.csproj", "{0988C62E-247F-471F-A183-DB509C7A3839}"
EndProject
Global
	GlobalSection(SolutionConfigurationPlatforms) = preSolution
		Debug|Any CPU = Debug|Any CPU
		Release|Any CPU = Release|Any CPU
	EndGlobalSection
	GlobalSection(ProjectConfigurationPlatforms) = postSolution
		{B1157522-412F-4401-B62E-3683A679CFA1}.Debug|Any CPU.ActiveCfg = Debug|Any CPU
		{B1157522-412F-4401-B62E-3683A679CFA1}.Debug|Any CPU.Build.0 = Debug|Any CPU
		{B1157522-412F-4401-B62E-3683A679CFA1}.Release|Any CPU.ActiveCfg = Release|Any CPU
		{B1157522-412F-4401-B62E-3683A679CFA1}.Release|Any CPU.Build.0 = Release|Any CPU
		{4BD7AEB9-C551-4939-8127-49552D6FF550}.Debug|Any CPU.ActiveCfg = Debug|Any CPU
		{4BD7AEB9-C551-4939-8127-49552D6FF550}.Debug|Any CPU.Build.0 = Debug|Any CPU
		{4BD7AEB9-C551-4939-8127-49552D6FF550}.Release|Any CPU.ActiveCfg = Release|Any CPU
		{4BD7AEB9-C551-4939-8127-49552D6FF550}.Release|Any CPU.Build.0 = Release|Any CPU
		{A3C6830E-2A30-4661-945D-FB9ED97CD982}.Debug|Any CPU.ActiveCfg = Debug|Any CPU
		{A3C6830E-2A30-4661-945D-FB9ED97CD982}.Debug|Any CPU.Build.0 = Debug|Any CPU
		{A3C6830E-2A30-4661-945D-FB9ED97CD982}.Release|Any CPU.ActiveCfg = Release|Any CPU
		{A3C6830E-2A30-4661-945D-FB9ED97CD982}.Release|Any CPU.Build.0 = Release|Any CPU
		{9FA6AE4C-C2ED-4B97-9D3D-169F3627DF9D}.Debug|Any CPU.ActiveCfg = Debug|Any CPU
		{9FA6AE4C-C2ED-4B97-9D3D-169F3627DF9D}.Debug|Any CPU.Build.0 = Debug|Any CPU
		{9FA6AE4C-C2ED-4B97-9D3D-169F3627DF9D}.Release|Any CPU.ActiveCfg = Release|Any CPU
		{9FA6AE4C-C2ED-4B97-9D3D-169F3627DF9D}.Release|Any CPU.Build.0 = Release|Any CPU
		{0988C62E-247F-471F-A183-DB509C7A3839}.Debug|Any CPU.ActiveCfg = Debug|Any CPU
		{0988C62E-247F-471F-A183-DB509C7A3839}.Debug|Any CPU.Build.0 = Debug|Any CPU
		{0988C62E-247F-471F-A183-DB509C7A3839}.Release|Any CPU.ActiveCfg = Release|Any CPU
		{0988C62E-247F-471F-A183-DB509C7A3839}.Release|Any CPU.Build.0 = Release|Any CPU
	EndGlobalSection
	GlobalSection(SolutionProperties) = preSolution
		HideSolutionNode = FALSE
	EndGlobalSection
EndGlobal
